
Microsoft Visual Studio Solution File, Format Version 12.00
# Visual Studio Version 17
VisualStudioVersion = 17.5.002.0
MinimumVisualStudioVersion = 10.0.40219.1
Project("{9A19103F-16F7-4668-BE54-9A1E7A4F7556}") = "Pharma", "Pharma.csproj", "{219B839D-74A3-4D93-AD92-0611B28A9049}"
EndProject
Global
	GlobalSection(SolutionConfigurationPlatforms) = preSolution
		Debug|Any CPU = Debug|Any CPU
		Release|Any CPU = Release|Any CPU
	EndGlobalSection
	GlobalSection(ProjectConfigurationPlatforms) = postSolution
		{219B839D-74A3-4D93-AD92-0611B28A9049}.Debug|Any CPU.ActiveCfg = Debug|Any CPU
		{219B839D-74A3-4D93-AD92-0611B28A9049}.Debug|Any CPU.Build.0 = Debug|Any CPU
		{219B839D-74A3-4D93-AD92-0611B28A9049}.Release|Any CPU.ActiveCfg = Release|Any CPU
		{219B839D-74A3-4D93-AD92-0611B28A9049}.Release|Any CPU.Build.0 = Release|Any CPU
	EndGlobalSection
	GlobalSection(SolutionProperties) = preSolution
		HideSolutionNode = FALSE
	EndGlobalSection
	GlobalSection(ExtensibilityGlobals) = postSolution
		SolutionGuid = {E9C251F8-6216-47AD-9B91-844BDF37572E}
	EndGlobalSection
EndGlobal
